
Microsoft Visual Studio Solution File, Format Version 12.00
# Visual Studio Version 16
VisualStudioVersion = 16.0.30621.155
MinimumVisualStudioVersion = 10.0.40219.1
Project("{FAE04EC0-301F-11D3-BF4B-00C04F79EFBC}") = "WebEng.Spares", "WebEng.Spares\WebEng.Spares.csproj", "{156F9049-EC20-4774-8BCB-E561017F1B61}"
EndProject
Global
	GlobalSection(SolutionConfigurationPlatforms) = preSolution
		Debug|Any CPU = Debug|Any CPU
		Release|Any CPU = Release|Any CPU
	EndGlobalSection
	GlobalSection(ProjectConfigurationPlatforms) = postSolution
		{156F9049-EC20-4774-8BCB-E561017F1B61}.Debug|Any CPU.ActiveCfg = Debug|Any CPU
		{156F9049-EC20-4774-8BCB-E561017F1B61}.Debug|Any CPU.Build.0 = Debug|Any CPU
		{156F9049-EC20-4774-8BCB-E561017F1B61}.Release|Any CPU.ActiveCfg = Release|Any CPU
		{156F9049-EC20-4774-8BCB-E561017F1B61}.Release|Any CPU.Build.0 = Release|Any CPU
	EndGlobalSection
	GlobalSection(SolutionProperties) = preSolution
		HideSolutionNode = FALSE
	EndGlobalSection
	GlobalSection(ExtensibilityGlobals) = postSolution
		SolutionGuid = {A99C2B6F-6FDE-4FCE-A9A0-FA860A1D7667}
	EndGlobalSection
EndGlobal
